
Microsoft Visual Studio Solution File, Format Version 12.00
# Visual Studio Version 16
VisualStudioVersion = 16.0.30523.141
MinimumVisualStudioVersion = 10.0.40219.1
Project("{9A19103F-16F7-4668-BE54-9A1E7A4F7556}") = "WarCardGame", "WarCardGame\WarCardGame.csproj", "{D6FAA983-248D-4040-B760-6F50058F9103}"
EndProject
Project("{9A19103F-16F7-4668-BE54-9A1E7A4F7556}") = "WarCardGameTest", "WarCardGameTest\WarCardGameTest.csproj", "{3223D2FB-3580-4E2E-9B6D-366646951A7D}"
	ProjectSection(ProjectDependencies) = postProject
		{D6FAA983-248D-4040-B760-6F50058F9103} = {D6FAA983-248D-4040-B760-6F50058F9103}
	EndProjectSection
EndProject
Project("{2150E333-8FDC-42A3-9474-1A3956D46DE8}") = "Solution Items", "Solution Items", "{42CDFB5A-B79A-4157-BB89-B7A93531C106}"
	ProjectSection(SolutionItems) = preProject
		Readme.txt = Readme.txt
	EndProjectSection
EndProject
Global
	GlobalSection(SolutionConfigurationPlatforms) = preSolution
		Debug|Any CPU = Debug|Any CPU
		Release|Any CPU = Release|Any CPU
	EndGlobalSection
	GlobalSection(ProjectConfigurationPlatforms) = postSolution
		{D6FAA983-248D-4040-B760-6F50058F9103}.Debug|Any CPU.ActiveCfg = Debug|Any CPU
		{D6FAA983-248D-4040-B760-6F50058F9103}.Debug|Any CPU.Build.0 = Debug|Any CPU
		{D6FAA983-248D-4040-B760-6F50058F9103}.Release|Any CPU.ActiveCfg = Release|Any CPU
		{D6FAA983-248D-4040-B760-6F50058F9103}.Release|Any CPU.Build.0 = Release|Any CPU
		{3223D2FB-3580-4E2E-9B6D-366646951A7D}.Debug|Any CPU.ActiveCfg = Debug|Any CPU
		{3223D2FB-3580-4E2E-9B6D-366646951A7D}.Debug|Any CPU.Build.0 = Debug|Any CPU
		{3223D2FB-3580-4E2E-9B6D-366646951A7D}.Release|Any CPU.ActiveCfg = Release|Any CPU
		{3223D2FB-3580-4E2E-9B6D-366646951A7D}.Release|Any CPU.Build.0 = Release|Any CPU
	EndGlobalSection
	GlobalSection(SolutionProperties) = preSolution
		HideSolutionNode = FALSE
	EndGlobalSection
	GlobalSection(ExtensibilityGlobals) = postSolution
		SolutionGuid = {F497E9CA-51FE-4313-B80C-979BE6A22ECD}
	EndGlobalSection
EndGlobal
